lockfileVersion: '9.0'

settings:
  autoInstallPeers: true
  excludeLinksFromLockfile: false

importers:

  .:
    devDependencies:
      '@types/node':
        specifier: ~26.4.1
        version: 26.4.1
      '@types/vscode':
        specifier: 1.90.0
        version: 1.90.0
      rolldown:
        specifier: 1.2.7
        version: 1.2.7

packages:

  '@oxc-project/types@0.148.0':
    resolution: {integrity: sha512-Nm4s/jB+4FpFsPhWGEC4h7rzksesmtnMXomo6rCMcg/b8zLQuOziRgkCS1fxDCXOlJB/6Q8oABOZ/OP6RIPj9A==}

  '@rolldown/binding-android-arm-eabi@1.2.7':
    resolution: {integrity: sha512-EypzgnYCwyVY4NDHKzGmNJT5b+XaQEBniHxsMdeIQLB/tcCzZnhqrzHpZFbX9iaxx+5RiB8caATBtfvZP7zVxQ==}
    engines: {node: ^20.19.0 || >=22.12.0}
    cpu: [arm]
    os: [android]

  '@rolldown/binding-android-arm64@1.2.7':
    resolution: {integrity: sha512-l17HE9EweWaqJZhuUuNBN/FzM62xw+DECVnJyvMsxn8vJFAGLy5QfLDoYAcronkAN8VxKZHezDpulHDPx95vFw==}
    engines: {node: ^20.19.0 || >=22.12.0}
    cpu: [arm64]
    os: [android]

  '@rolldown/binding-darwin-arm64@1.2.7':
    resolution: {integrity: sha512-8ED8ELFvHXc6OCETIn4gXObPiaR6bckM/ipXtbzlPVDRMBfEGjCKgO90F9YtfdpDatVx/ZQw7aZ1vUMf/+T3Mw==}
    engines: {node: ^20.19.0 || >=22.12.0}
    cpu: [arm64]
    os: [darwin]

  '@rolldown/binding-darwin-x64@1.2.7':
    resolution: {integrity: sha512-/WPripjtiAIZ2tWY7ddijORT0Ujg87wxWW/qcoFVCKAWVDPhtY0xr7Dj0M3GyNGz60jGwTElhro/mkF9dT7dDQ==}
    engines: {node: ^20.19.0 || >=22.12.0}
    cpu: [x64]
    os: [darwin]

  '@rolldown/binding-freebsd-x64@1.2.7':
    resolution: {integrity: sha512-14DI4NcqpvbICxSnGLx3PmtDaWqRP/KGSGb6C+JLLVPeZRl6dKdHba3pGsqT3vpdTqhEYIPG0MMQ8c0xYqoJxA==}
    engines: {node: ^20.19.0 || >=22.12.0}
    cpu: [x64]
    os: [freebsd]

  '@rolldown/binding-linux-arm-gnueabihf@1.2.7':
    resolution: {integrity: sha512-bxrWIRvHWQvbJwi+VIie/kDJmQxcNE6xxWwZdqF/ExVAigtHkv54WTLQPb+QsZdnFy18fg7JPfWGL0RH6vwIlQ==}
    engines: {node: ^20.19.0 || >=22.12.0}
    cpu: [arm]
    os: [linux]

  '@rolldown/binding-linux-arm64-gnu@1.2.7':
    resolution: {integrity: sha512-toOY2BChBZyuxU7OYX6Tn389di4IzAqPTycVcci0O7FSfBqzRB3RZn+K5Is6ANf4tmgRd/K1yZTsNTXbkXsnLg==}
    engines: {node: ^20.19.0 || >=22.12.0}
    cpu: [arm64]
    os: [linux]
    libc: [glibc]

  '@rolldown/binding-linux-arm64-musl@1.2.7':
    resolution: {integrity: sha512-lAIXTH/aiLRLxsTgQvfhjo4K1ydWIp00+V0voOr9beb/9ZmkUFrSIb03dXNFRgMNvkE6oGsF10ioQ6UsI+vS5Q==}
    engines: {node: ^20.19.0 || >=22.12.0}
    cpu: [arm64]
    os: [linux]
    libc: [musl]

  '@rolldown/binding-linux-ppc64-gnu@1.2.7':
    resolution: {integrity: sha512-kdnwS28Pkenp/mZMRwjXXXwxQ7pIsm+bF919LUK93BOyhcLsrVKdP2p9fxpiPNPAbNuch8ypQt0pm2P2LYCAGg==}
    engines: {node: ^20.19.0 || >=22.12.0}
    cpu: [ppc64]
    os: [linux]
    libc: [glibc]

  '@rolldown/binding-linux-s390x-gnu@1.2.7':
    resolution: {integrity: sha512-516OdsyLdr5E65paF3yBF55t8mfm9+gmtCsK3xI7XKXIT7EfRlHhxL8K/NR6Hu8BWSgF5+1w74lTL0+nxcc8Qw==}
    engines: {node: ^20.19.0 || >=22.12.0}
    cpu: [s390x]
    os: [linux]
    libc: [glibc]

  '@rolldown/binding-linux-x64-gnu@1.2.7':
    resolution: {integrity: sha512-r8/z8n7GFaYRln3xmP1Cxy0HH/HLM0uBUPkEuSVEfKGDA89M0FsZRZJRSwe/tJjRx+fpH/gjorfhB8tmEbSFLA==}
    engines: {node: ^20.19.0 || >=22.12.0}
    cpu: [x64]
    os: [linux]
    libc: [glibc]

  '@rolldown/binding-linux-x64-musl@1.2.7':
    resolution: {integrity: sha512-pAsE8iiDxUg1xBqdhrTfg45AVDVpirjz00sblEYClGNNcMnDb+e8beQgqIAw6LvauX/APvgxUnwrgun/YYGBhw==}
    engines: {node: ^20.19.0 || >=22.12.0}
    cpu: [x64]
    os: [linux]
    libc: [musl]

  '@rolldown/binding-openharmony-arm64@1.2.7':
    resolution: {integrity: sha512-lTcIYmmnQQA8Or/2DatS6oSqcdLHvendjS+zLu+FwgToynWMRSmQdpM65fTANJgIS4mjbMOo5KT2lnT9SAb96w==}
    engines: {node: ^20.19.0 || >=22.12.0}
    cpu: [arm64]
    os: [openharmony]

  '@rolldown/binding-win32-arm64-msvc@1.2.7':
    resolution: {integrity: sha512-e3Gu3WxbNk/UqQhxqU7YIYO+9ZBvWNz3U+h/qRFosscMFzdRPbXYSaSWgSnklv2fz1TgzBTcti2z35c/7irsHw==}
    engines: {node: ^20.19.0 || >=22.12.0}
    cpu: [arm64]
    os: [win32]

  '@rolldown/binding-win32-x64-msvc@1.2.7':
    resolution: {integrity: sha512-W/jg5qoRSqjsEv0+dZi4e687mcHqmVuU0P4fK6qS/xjetW2Gmc1W8j//z5nAeNcC8Ttm0hV46IjcYeuVwYhuiw==}
    engines: {node: ^20.19.0 || >=22.12.0}
    cpu: [x64]
    os: [win32]

  '@rolldown/pluginutils@1.0.1':
    resolution: {integrity: sha512-2j9bGt5Jh8hj+vPtgzPtl72j0yRxHAyumoo6TNfAjsLB04UtpSvPbPcDcBMxz7n+9CYB0c1GxQFxYRg2jimqGw==}

  '@types/node@26.4.1':
    resolution: {integrity: sha512-k97ENvZWtvA6yqz5/FS6a7duDgOPEeOQOc2iKS/nY6mX6qJUKtLnWzQS+Xj6tXweyj6ZcTAK2Qecetnvi9nCLA==}

  '@types/vscode@1.90.0':
    resolution: {integrity: sha512-oT+ZJL7qHS9Z8bs0+WKf/kQ27qWYR3trsXpq46YDjFqBsMLG4ygGGjPaJ2tyrH0wJzjOEmDyg9PDJBBhWg9pkQ==}

  rolldown@1.2.7:
    resolution: {integrity: sha512-g0EtLvBjTUB7jhyV0S/TCup3v/XSVl45vUIGbOGU4QPiyjTenCe4mKuFvW9fEgYmS2Fo42AUssRmNuMziXdrig==}
    engines: {node: ^20.19.0 || >=22.12.0}
    hasBin: true

  undici-types@8.3.0:
    resolution: {integrity: sha512-j375ScV60dom+YkPFIfTLcOiPxkN/buHz5GobjLhixFuANaNs3C9l4GmrWqejgXWJ7BbJcFYpTEUkS1Ge8bpZQ==}

snapshots:

  '@oxc-project/types@0.148.0': {}

  '@rolldown/binding-android-arm-eabi@1.2.7':
    optional: true

  '@rolldown/binding-android-arm64@1.2.7':
    optional: true

  '@rolldown/binding-darwin-arm64@1.2.7':
    optional: true

  '@rolldown/binding-darwin-x64@1.2.7':
    optional: true

  '@rolldown/binding-freebsd-x64@1.2.7':
    optional: true

  '@rolldown/binding-linux-arm-gnueabihf@1.2.7':
    optional: true

  '@rolldown/binding-linux-arm64-gnu@1.2.7':
    optional: true

  '@rolldown/binding-linux-arm64-musl@1.2.7':
    optional: true

  '@rolldown/binding-linux-ppc64-gnu@1.2.7':
    optional: true

  '@rolldown/binding-linux-s390x-gnu@1.2.7':
    optional: true

  '@rolldown/binding-linux-x64-gnu@1.2.7':
    optional: true

  '@rolldown/binding-linux-x64-musl@1.2.7':
    optional: true

  '@rolldown/binding-openharmony-arm64@1.2.7':
    optional: true

  '@rolldown/binding-win32-arm64-msvc@1.2.7':
    optional: true

  '@rolldown/binding-win32-x64-msvc@1.2.7':
    optional: true

  '@rolldown/pluginutils@1.0.1': {}

  '@types/node@26.4.1':
    dependencies:
      undici-types: 8.3.0

  '@types/vscode@1.90.0': {}

  rolldown@1.2.7:
    dependencies:
      '@oxc-project/types': 0.148.0
      '@rolldown/pluginutils': 1.0.1
    optionalDependencies:
      '@rolldown/binding-android-arm-eabi': 1.2.7
      '@rolldown/binding-android-arm64': 1.2.7
      '@rolldown/binding-darwin-arm64': 1.2.7
      '@rolldown/binding-darwin-x64': 1.2.7
      '@rolldown/binding-freebsd-x64': 1.2.7
      '@rolldown/binding-linux-arm-gnueabihf': 1.2.7
      '@rolldown/binding-linux-arm64-gnu': 1.2.7
      '@rolldown/binding-linux-arm64-musl': 1.2.7
      '@rolldown/binding-linux-ppc64-gnu': 1.2.7
      '@rolldown/binding-linux-s390x-gnu': 1.2.7
      '@rolldown/binding-linux-x64-gnu': 1.2.7
      '@rolldown/binding-linux-x64-musl': 1.2.7
      '@rolldown/binding-openharmony-arm64': 1.2.7
      '@rolldown/binding-win32-arm64-msvc': 1.2.7
      '@rolldown/binding-win32-x64-msvc': 1.2.7

  undici-types@8.3.0: {}
